
Microsoft Visual Studio Solution File, Format Version 12.00
# Visual Studio Version 17
VisualStudioVersion = 17.4.33205.214
MinimumVisualStudioVersion = 10.0.40219.1
Project("{8BC9CEB8-8B4A-11D0-8D11-00A0C91BC942}") = "2022-1 컴퓨터프로그래밍 HW9.1 김재현 21912183", "2022-1 컴퓨터프로그래밍 HW9.1 김재현 21912183\2022-1 컴퓨터프로그래밍 HW9.1 김재현 21912183.vcxproj", "{82ABD7BC-D6BF-40A3-99AB-C7FFD7C64232}"
EndProject
Global
	GlobalSection(SolutionConfigurationPlatforms) = preSolution
		Debug|x64 = Debug|x64
		Debug|x86 = Debug|x86
		Release|x64 = Release|x64
		Release|x86 = Release|x86
	EndGlobalSection
	GlobalSection(ProjectConfigurationPlatforms) = postSolution
		{82ABD7BC-D6BF-40A3-99AB-C7FFD7C64232}.Debug|x64.ActiveCfg = Debug|x64
		{82ABD7BC-D6BF-40A3-99AB-C7FFD7C64232}.Debug|x64.Build.0 = Debug|x64
		{82ABD7BC-D6BF-40A3-99AB-C7FFD7C64232}.Debug|x86.ActiveCfg = Debug|Win32
		{82ABD7BC-D6BF-40A3-99AB-C7FFD7C64232}.Debug|x86.Build.0 = Debug|Win32
		{82ABD7BC-D6BF-40A3-99AB-C7FFD7C64232}.Release|x64.ActiveCfg = Release|x64
		{82ABD7BC-D6BF-40A3-99AB-C7FFD7C64232}.Release|x64.Build.0 = Release|x64
		{82ABD7BC-D6BF-40A3-99AB-C7FFD7C64232}.Release|x86.ActiveCfg = Release|Win32
		{82ABD7BC-D6BF-40A3-99AB-C7FFD7C64232}.Release|x86.Build.0 = Release|Win32
	EndGlobalSection
	GlobalSection(SolutionProperties) = preSolution
		HideSolutionNode = FALSE
	EndGlobalSection
	GlobalSection(ExtensibilityGlobals) = postSolution
		SolutionGuid = {45880BE6-B803-4468-9571-212E222A9223}
	EndGlobalSection
EndGlobal
